// !$*UTF8*$!
{
	archiveVersion = 1;
	classes = {
	};
	objectVersion = 50;
	objects = {

/* Begin PBXBuildFile section */
		521DE8C924AC6E1D0025FF62 /* AppDelegate.swift in Sources */ = {isa = PBXBuildFile; fileRef = 521DE8C824AC6E1D0025FF62 /* AppDelegate.swift */; };
		521DE8CB24AC6E1D0025FF62 /* SceneDelegate.swift in Sources */ = {isa = PBXBuildFile; fileRef = 521DE8CA24AC6E1D0025FF62 /* SceneDelegate.swift */; };
		521DE8D024AC6E1D0025FF62 /* Main.storyboard in Resources */ = {isa = PBXBuildFile; fileRef = 521DE8CE24AC6E1D0025FF62 /* Main.storyboard */; };
		521DE8D324AC6E1D0025FF62 /* FireLabs.xcdatamodeld in Sources */ = {isa = PBXBuildFile; fileRef = 521DE8D124AC6E1D0025FF62 /* FireLabs.xcdatamodeld */; };
		521DE8D524AC6E1E0025FF62 /* Assets.xcassets in Resources */ = {isa = PBXBuildFile; fileRef = 521DE8D424AC6E1E0025FF62 /* Assets.xcassets */; };
		521DE8D824AC6E1E0025FF62 /* LaunchScreen.storyboard in Resources */ = {isa = PBXBuildFile; fileRef = 521DE8D624AC6E1E0025FF62 /* LaunchScreen.storyboard */; };
		521DE8E024AC96BD0025FF62 /* ListViewController.swift in Sources */ = {isa = PBXBuildFile; fileRef = 521DE8DF24AC96BD0025FF62 /* ListViewController.swift */; };
		521DE8E224AC98B80025FF62 /* PostModel.swift in Sources */ = {isa = PBXBuildFile; fileRef = 521DE8E124AC98B80025FF62 /* PostModel.swift */; };
		521DE8E724AD00B30025FF62 /* CommentModel.swift in Sources */ = {isa = PBXBuildFile; fileRef = 521DE8E624AD00B30025FF62 /* CommentModel.swift */; };
		521DE8E924AD00C80025FF62 /* DetailTableViewCell.swift in Sources */ = {isa = PBXBuildFile; fileRef = 521DE8E824AD00C80025FF62 /* DetailTableViewCell.swift */; };
		52FB600C24ADA0FD0087145D /* DetailTableViewController.swift in Sources */ = {isa = PBXBuildFile; fileRef = 52FB600B24ADA0FD0087145D /* DetailTableViewController.swift */; };
/* End PBXBuildFile section */

/* Begin PBXFileReference section */
		521DE8C524AC6E1D0025FF62 /* FireLabs.app */ = {isa = PBXFileReference; explicitFileType = wrapper.application; includeInIndex = 0; path = FireLabs.app; sourceTree = BUILT_PRODUCTS_DIR; };
		521DE8C824AC6E1D0025FF62 /* AppDelegate.swift */ = {isa = PBXFileReference; lastKnownFileType = sourcecode.swift; path = AppDelegate.swift; sourceTree = "<group>"; };
		521DE8CA24AC6E1D0025FF62 /* SceneDelegate.swift */ = {isa = PBXFileReference; lastKnownFileType = sourcecode.swift; path = SceneDelegate.swift; sourceTree = "<group>"; };
		521DE8CF24AC6E1D0025FF62 /* Base */ = {isa = PBXFileReference; lastKnownFileType = file.storyboard; name = Base; path = Base.lproj/Main.storyboard; sourceTree = "<group>"; };
		521DE8D224AC6E1D0025FF62 /* FireLabs.xcdatamodel */ = {isa = PBXFileReference; lastKnownFileType = wrapper.xcdatamodel; path = FireLabs.xcdatamodel; sourceTree = "<group>"; };
		521DE8D424AC6E1E0025FF62 /* Assets.xcassets */ = {isa = PBXFileReference; lastKnownFileType = folder.assetcatalog; path = Assets.xcassets; sourceTree = "<group>"; };
		521DE8D724AC6E1E0025FF62 /* Base */ = {isa = PBXFileReference; lastKnownFileType = file.storyboard; name = Base; path = Base.lproj/LaunchScreen.storyboard; sourceTree = "<group>"; };
		521DE8D924AC6E1E0025FF62 /* Info.plist */ = {isa = PBXFileReference; lastKnownFileType = text.plist.xml; path = Info.plist; sourceTree = "<group>"; };
		521DE8DF24AC96BD0025FF62 /* ListViewController.swift */ = {isa = PBXFileReference; lastKnownFileType = sourcecode.swift; path = ListViewController.swift; sourceTree = "<group>"; };
		521DE8E124AC98B80025FF62 /* PostModel.swift */ = {isa = PBXFileReference; lastKnownFileType = sourcecode.swift; path = PostModel.swift; sourceTree = "<group>"; };
		521DE8E624AD00B30025FF62 /* CommentModel.swift */ = {isa = PBXFileReference; lastKnownFileType = sourcecode.swift; path = CommentModel.swift; sourceTree = "<group>"; };
		521DE8E824AD00C80025FF62 /* DetailTableViewCell.swift */ = {isa = PBXFileReference; lastKnownFileType = sourcecode.swift; path = DetailTableViewCell.swift; sourceTree = "<group>"; };
		52FB600B24ADA0FD0087145D /* DetailTableViewController.swift */ = {isa = PBXFileReference; lastKnownFileType = sourcecode.swift; path = DetailTableViewController.swift; sourceTree = "<group>"; };
/* End PBXFileReference section */

/* Begin PBXFrameworksBuildPhase section */
		521DE8C224AC6E1D0025FF62 /* Frameworks */ = {
			isa = PBXFrameworksBuildPhase;
			buildActionMask = 2147483647;
			files = (
			);
			runOnlyForDeploymentPostprocessing = 0;
		};
/* End PBXFrameworksBuildPhase section */

/* Begin PBXGroup section */
		521DE8BC24AC6E1D0025FF62 = {
			isa = PBXGroup;
			children = (
				521DE8C724AC6E1D0025FF62 /* FireLabs */,
				521DE8C624AC6E1D0025FF62 /* Products */,
			);
			sourceTree = "<group>";
		};
		521DE8C624AC6E1D0025FF62 /* Products */ = {
			isa = PBXGroup;
			children = (
				521DE8C524AC6E1D0025FF62 /* FireLabs.app */,
			);
			name = Products;
			sourceTree = "<group>";
		};
		521DE8C724AC6E1D0025FF62 /* FireLabs */ = {
			isa = PBXGroup;
			children = (
				521DE8E524AD006D0025FF62 /* Model */,
				521DE8EA24AD00CE0025FF62 /* Cell */,
				521DE8C824AC6E1D0025FF62 /* AppDelegate.swift */,
				521DE8CA24AC6E1D0025FF62 /* SceneDelegate.swift */,
				521DE8DF24AC96BD0025FF62 /* ListViewController.swift */,
				52FB600B24ADA0FD0087145D /* DetailTableViewController.swift */,
				521DE8CE24AC6E1D0025FF62 /* Main.storyboard */,
				521DE8D424AC6E1E0025FF62 /* Assets.xcassets */,
				521DE8D624AC6E1E0025FF62 /* LaunchScreen.storyboard */,
				521DE8D924AC6E1E0025FF62 /* Info.plist */,
				521DE8D124AC6E1D0025FF62 /* FireLabs.xcdatamodeld */,
			);
			path = FireLabs;
			sourceTree = "<group>";
		};
		521DE8E524AD006D0025FF62 /* Model */ = {
			isa = PBXGroup;
			children = (
				521DE8E124AC98B80025FF62 /* PostModel.swift */,
				521DE8E624AD00B30025FF62 /* CommentModel.swift */,
			);
			path = Model;
			sourceTree = "<group>";
		};
		521DE8EA24AD00CE0025FF62 /* Cell */ = {
			isa = PBXGroup;
			children = (
				521DE8E824AD00C80025FF62 /* DetailTableViewCell.swift */,
			);
			path = Cell;
			sourceTree = "<group>";
		};
/* End PBXGroup section */

/* Begin PBXNativeTarget section */
		521DE8C424AC6E1D0025FF62 /* FireLabs */ = {
			isa = PBXNativeTarget;
			buildConfigurationList = 521DE8DC24AC6E1E0025FF62 /* Build configuration list for PBXNativeTarget "FireLabs" */;
			buildPhases = (
				521DE8C124AC6E1D0025FF62 /* Sources */,
				521DE8C224AC6E1D0025FF62 /* Frameworks */,
				521DE8C324AC6E1D0025FF62 /* Resources */,
			);
			buildRules = (
			);
			dependencies = (
			);
			name = FireLabs;
			productName = FireLabs;
			productReference = 521DE8C524AC6E1D0025FF62 /* FireLabs.app */;
			productType = "com.apple.product-type.application";
		};
/* End PBXNativeTarget section */

/* Begin PBXProject section */
		521DE8BD24AC6E1D0025FF62 /* Project object */ = {
			isa = PBXProject;
			attributes = {
				LastSwiftUpdateCheck = 1150;
				LastUpgradeCheck = 1150;
				ORGANIZATIONNAME = "Ababakri Ibragimov";
				TargetAttributes = {
					521DE8C424AC6E1D0025FF62 = {
						CreatedOnToolsVersion = 11.5;
					};
				};
			};
			buildConfigurationList = 521DE8C024AC6E1D0025FF62 /* Build configuration list for PBXProject "FireLabs" */;
			compatibilityVersion = "Xcode 9.3";
			developmentRegion = en;
			hasScannedForEncodings = 0;
			knownRegions = (
				en,
				Base,
			);
			mainGroup = 521DE8BC24AC6E1D0025FF62;
			productRefGroup = 521DE8C624AC6E1D0025FF62 /* Products */;
			projectDirPath = "";
			projectRoot = "";
			targets = (
				521DE8C424AC6E1D0025FF62 /* FireLabs */,
			);
		};
/* End PBXProject section */

/* Begin PBXResourcesBuildPhase section */
		521DE8C324AC6E1D0025FF62 /* Resources */ = {
			isa = PBXResourcesBuildPhase;
			buildActionMask = 2147483647;
			files = (
				521DE8D824AC6E1E0025FF62 /* LaunchScreen.storyboard in Resources */,
				521DE8D524AC6E1E0025FF62 /* Assets.xcassets in Resources */,
				521DE8D024AC6E1D0025FF62 /* Main.storyboard in Resources */,
			);
			runOnlyForDeploymentPostprocessing = 0;
		};
/* End PBXResourcesBuildPhase section */

/* Begin PBXSourcesBuildPhase section */
		521DE8C124AC6E1D0025FF62 /* Sources */ = {
			isa = PBXSourcesBuildPhase;
			buildActionMask = 2147483647;
			files = (
				521DE8D324AC6E1D0025FF62 /* FireLabs.xcdatamodeld in Sources */,
				521DE8E924AD00C80025FF62 /* DetailTableViewCell.swift in Sources */,
				52FB600C24ADA0FD0087145D /* DetailTableViewController.swift in Sources */,
				521DE8E224AC98B80025FF62 /* PostModel.swift in Sources */,
				521DE8C924AC6E1D0025FF62 /* AppDelegate.swift in Sources */,
				521DE8E724AD00B30025FF62 /* CommentModel.swift in Sources */,
				521DE8CB24AC6E1D0025FF62 /* SceneDelegate.swift in Sources */,
				521DE8E024AC96BD0025FF62 /* ListViewController.swift in Sources */,
			);
			runOnlyForDeploymentPostprocessing = 0;
		};
/* End PBXSourcesBuildPhase section */

/* Begin PBXVariantGroup section */
		521DE8CE24AC6E1D0025FF62 /* Main.storyboard */ = {
			isa = PBXVariantGroup;
			children = (
				521DE8CF24AC6E1D0025FF62 /* Base */,
			);
			name = Main.storyboard;
			sourceTree = "<group>";
		};
		521DE8D624AC6E1E0025FF62 /* LaunchScreen.storyboard */ = {
			isa = PBXVariantGroup;
			children = (
				521DE8D724AC6E1E0025FF62 /* Base */,
			);
			name = LaunchScreen.storyboard;
			sourceTree = "<group>";
		};
/* End PBXVariantGroup section */

/* Begin XCBuildConfiguration section */
		521DE8DA24AC6E1E0025FF62 /* Debug */ = {
			isa = XCBuildConfiguration;
			buildSettings = {
				ALWAYS_SEARCH_USER_PATHS = NO;
				CLANG_ANALYZER_NONNULL = YES;
				CLANG_ANALYZER_NUMBER_OBJECT_CONVERSION = YES_AGGRESSIVE;
				CLANG_CXX_LANGUAGE_STANDARD = "gnu++14";
				CLANG_CXX_LIBRARY = "libc++";
				CLANG_ENABLE_MODULES = YES;
				CLANG_ENABLE_OBJC_ARC = YES;
				CLANG_ENABLE_OBJC_WEAK = YES;
				CLANG_WARN_BLOCK_CAPTURE_AUTORELEASING = YES;
				CLANG_WARN_BOOL_CONVERSION = YES;
				CLANG_WARN_COMMA = YES;
				CLANG_WARN_CONSTANT_CONVERSION = YES;
				CLANG_WARN_DEPRECATED_OBJC_IMPLEMENTATIONS = YES;
				CLANG_WARN_DIRECT_OBJC_ISA_USAGE = YES_ERROR;
				CLANG_WARN_DOCUMENTATION_COMMENTS = YES;
				CLANG_WARN_EMPTY_BODY = YES;
				CLANG_WARN_ENUM_CONVERSION = YES;
				CLANG_WARN_INFINITE_RECURSION = YES;
				CLANG_WARN_INT_CONVERSION = YES;
				CLANG_WARN_NON_LITERAL_NULL_CONVERSION = YES;
				CLANG_WARN_OBJC_IMPLICIT_RETAIN_SELF = YES;
				CLANG_WARN_OBJC_LITERAL_CONVERSION = YES;
				CLANG_WARN_OBJC_ROOT_CLASS = YES_ERROR;
				CLANG_WARN_RANGE_LOOP_ANALYSIS = YES;
				CLANG_WARN_STRICT_PROTOTYPES = YES;
				CLANG_WARN_SUSPICIOUS_MOVE = YES;
				CLANG_WARN_UNGUARDED_AVAILABILITY = YES_AGGRESSIVE;
				CLANG_WARN_UNREACHABLE_CODE = YES;
				CLANG_WARN__DUPLICATE_METHOD_MATCH = YES;
				COPY_PHASE_STRIP = NO;
				DEBUG_INFORMATION_FORMAT = dwarf;
				ENABLE_STRICT_OBJC_MSGSEND = YES;
				ENABLE_TESTABILITY = YES;
				GCC_C_LANGUAGE_STANDARD = gnu11;
				GCC_DYNAMIC_NO_PIC = NO;
				GCC_NO_COMMON_BLOCKS = YES;
				GCC_OPTIMIZATION_LEVEL = 0;
				GCC_PREPROCESSOR_DEFINITIONS = (
					"DEBUG=1",
					"$(inherited)",
				);
				GCC_WARN_64_TO_32_BIT_CONVERSION = YES;
				GCC_WARN_ABOUT_RETURN_TYPE = YES_ERROR;
				GCC_WARN_UNDECLARED_SELECTOR = YES;
				GCC_WARN_UNINITIALIZED_AUTOS = YES_AGGRESSIVE;
				GCC_WARN_UNUSED_FUNCTION = YES;
				GCC_WARN_UNUSED_VARIABLE = YES;
				IPHONEOS_DEPLOYMENT_TARGET = 13.5;
				MTL_ENABLE_DEBUG_INFO = INCLUDE_SOURCE;
				MTL_FAST_MATH = YES;
				ONLY_ACTIVE_ARCH = YES;
				SDKROOT = iphoneos;
				SWIFT_ACTIVE_COMPILATION_CONDITIONS = DEBUG;
				SWIFT_OPTIMIZATION_LEVEL = "-Onone";
			};
			name = Debug;
		};
		521DE8DB24AC6E1E0025FF62 /* Release */ = {
			isa = XCBuildConfiguration;
			buildSettings = {
				ALWAYS_SEARCH_USER_PATHS = NO;
				CLANG_ANALYZER_NONNULL = YES;
				CLANG_ANALYZER_NUMBER_OBJECT_CONVERSION = YES_AGGRESSIVE;
				CLANG_CXX_LANGUAGE_STANDARD = "gnu++14";
				CLANG_CXX_LIBRARY = "libc++";
				CLANG_ENABLE_MODULES = YES;
				CLANG_ENABLE_OBJC_ARC = YES;
				CLANG_ENABLE_OBJC_WEAK = YES;
				CLANG_WARN_BLOCK_CAPTURE_AUTORELEASING = YES;
				CLANG_WARN_BOOL_CONVERSION = YES;
				CLANG_WARN_COMMA = YES;
				CLANG_WARN_CONSTANT_CONVERSION = YES;
				CLANG_WARN_DEPRECATED_OBJC_IMPLEMENTATIONS = YES;
				CLANG_WARN_DIRECT_OBJC_ISA_USAGE = YES_ERROR;
				CLANG_WARN_DOCUMENTATION_COMMENTS = YES;
				CLANG_WARN_EMPTY_BODY = YES;
				CLANG_WARN_ENUM_CONVERSION = YES;
				CLANG_WARN_INFINITE_RECURSION = YES;
				CLANG_WARN_INT_CONVERSION = YES;
				CLANG_WARN_NON_LITERAL_NULL_CONVERSION = YES;
				CLANG_WARN_OBJC_IMPLICIT_RETAIN_SELF = YES;
				CLANG_WARN_OBJC_LITERAL_CONVERSION = YES;
				CLANG_WARN_OBJC_ROOT_CLASS = YES_ERROR;
				CLANG_WARN_RANGE_LOOP_ANALYSIS = YES;
				CLANG_WARN_STRICT_PROTOTYPES = YES;
				CLANG_WARN_SUSPICIOUS_MOVE = YES;
				CLANG_WARN_UNGUARDED_AVAILABILITY = YES_AGGRESSIVE;
				CLANG_WARN_UNREACHABLE_CODE = YES;
				CLANG_WARN__DUPLICATE_METHOD_MATCH = YES;
				COPY_PHASE_STRIP = NO;
				DEBUG_INFORMATION_FORMAT = "dwarf-with-dsym";
				ENABLE_NS_ASSERTIONS = NO;
				ENABLE_STRICT_OBJC_MSGSEND = YES;
				GCC_C_LANGUAGE_STANDARD = gnu11;
				GCC_NO_COMMON_BLOCKS = YES;
				GCC_WARN_64_TO_32_BIT_CONVERSION = YES;
				GCC_WARN_ABOUT_RETURN_TYPE = YES_ERROR;
				GCC_WARN_UNDECLARED_SELECTOR = YES;
				GCC_WARN_UNINITIALIZED_AUTOS = YES_AGGRESSIVE;
				GCC_WARN_UNUSED_FUNCTION = YES;
				GCC_WARN_UNUSED_VARIABLE = YES;
				IPHONEOS_DEPLOYMENT_TARGET = 13.5;
				MTL_ENABLE_DEBUG_INFO = NO;
				MTL_FAST_MATH = YES;
				SDKROOT = iphoneos;
				SWIFT_COMPILATION_MODE = wholemodule;
				SWIFT_OPTIMIZATION_LEVEL = "-O";
				VALIDATE_PRODUCT = YES;
			};
			name = Release;
		};
		521DE8DD24AC6E1E0025FF62 /* Debug */ = {
			isa = XCBuildConfiguration;
			buildSettings = {
				ASSETCATALOG_COMPILER_APPICON_NAME = AppIcon;
				CODE_SIGN_STYLE = Automatic;
				DEVELOPMENT_TEAM = 9K7RDBSH2X;
				INFOPLIST_FILE = FireLabs/Info.plist;
				LD_RUNPATH_SEARCH_PATHS = (
					"$(inherited)",
					"@executable_path/Frameworks",
				);
				PRODUCT_BUNDLE_IDENTIFIER = com.test.ababakri.FireLabs;
				PRODUCT_NAME = "$(TARGET_NAME)";
				SWIFT_VERSION = 5.0;
				TARGETED_DEVICE_FAMILY = "1,2";
			};
			name = Debug;
		};
		521DE8DE24AC6E1E0025FF62 /* Release */ = {
			isa = XCBuildConfiguration;
			buildSettings = {
				ASSETCATALOG_COMPILER_APPICON_NAME = AppIcon;
				CODE_SIGN_STYLE = Automatic;
				DEVELOPMENT_TEAM = 9K7RDBSH2X;
				INFOPLIST_FILE = FireLabs/Info.plist;
				LD_RUNPATH_SEARCH_PATHS = (
					"$(inherited)",
					"@executable_path/Frameworks",
				);
				PRODUCT_BUNDLE_IDENTIFIER = com.test.ababakri.FireLabs;
				PRODUCT_NAME = "$(TARGET_NAME)";
				SWIFT_VERSION = 5.0;
				TARGETED_DEVICE_FAMILY = "1,2";
			};
			name = Release;
		};
/* End XCBuildConfiguration section */

/* Begin XCConfigurationList section */
		521DE8C024AC6E1D0025FF62 /* Build configuration list for PBXProject "FireLabs" */ = {
			isa = XCConfigurationList;
			buildConfigurations = (
				521DE8DA24AC6E1E0025FF62 /* Debug */,
				521DE8DB24AC6E1E0025FF62 /* Release */,
			);
			defaultConfigurationIsVisible = 0;
			defaultConfigurationName = Release;
		};
		521DE8DC24AC6E1E0025FF62 /* Build configuration list for PBXNativeTarget "FireLabs" */ = {
			isa = XCConfigurationList;
			buildConfigurations = (
				521DE8DD24AC6E1E0025FF62 /* Debug */,
				521DE8DE24AC6E1E0025FF62 /* Release */,
			);
			defaultConfigurationIsVisible = 0;
			defaultConfigurationName = Release;
		};
/* End XCConfigurationList section */

/* Begin XCVersionGroup section */
		521DE8D124AC6E1D0025FF62 /* FireLabs.xcdatamodeld */ = {
			isa = XCVersionGroup;
			children = (
				521DE8D224AC6E1D0025FF62 /* FireLabs.xcdatamodel */,
			);
			currentVersion = 521DE8D224AC6E1D0025FF62 /* FireLabs.xcdatamodel */;
			path = FireLabs.xcdatamodeld;
			sourceTree = "<group>";
			versionGroupType = wrapper.xcdatamodel;
		};
/* End XCVersionGroup section */
	};
	rootObject = 521DE8BD24AC6E1D0025FF62 /* Project object */;
}
